
Microsoft Visual Studio Solution File, Format Version 12.00
# Visual Studio Version 16
VisualStudioVersion = 16.0.31112.23
MinimumVisualStudioVersion = 10.0.40219.1
Project("{9A19103F-16F7-4668-BE54-9A1E7A4F7556}") = "LoopBgmBuilder", "LoopBgmBuilder\LoopBgmBuilder.csproj", "{E0917F87-C710-4A35-BCAF-0A2134B1A8D1}"
EndProject
Global
	GlobalSection(SolutionConfigurationPlatforms) = preSolution
		Debug|Any CPU = Debug|Any CPU
		Release|Any CPU = Release|Any CPU
	EndGlobalSection
	GlobalSection(ProjectConfigurationPlatforms) = postSolution
		{E0917F87-C710-4A35-BCAF-0A2134B1A8D1}.Debug|Any CPU.ActiveCfg = Debug|Any CPU
		{E0917F87-C710-4A35-BCAF-0A2134B1A8D1}.Debug|Any CPU.Build.0 = Debug|Any CPU
		{E0917F87-C710-4A35-BCAF-0A2134B1A8D1}.Release|Any CPU.ActiveCfg = Release|Any CPU
		{E0917F87-C710-4A35-BCAF-0A2134B1A8D1}.Release|Any CPU.Build.0 = Release|Any CPU
	EndGlobalSection
	GlobalSection(SolutionProperties) = preSolution
		HideSolutionNode = FALSE
	EndGlobalSection
	GlobalSection(ExtensibilityGlobals) = postSolution
		SolutionGuid = {77F2BD95-C0C4-4448-BF9B-4CFC66E0BE47}
	EndGlobalSection
EndGlobal
